
Microsoft Visual Studio Solution File, Format Version 12.00
# Visual Studio 2015
Project("{FAE04EC0-301F-11D3-BF4B-00C04F79EFBC}") = "Aria.CSharp", "Aria.CSharp.csproj", "{F956E255-3954-F60C-7F44-2ABA8F409BE0}"
EndProject
Project("{FAE04EC0-301F-11D3-BF4B-00C04F79EFBC}") = "Aria.CSharp.Editor", "Aria.CSharp.Editor.csproj", "{63D5288E-D8A2-F713-394E-94B8DD429607}"
EndProject
Global
	GlobalSection(SolutionConfigurationPlatforms) = preSolution
		Debug|Any CPU = Debug|Any CPU
		Release|Any CPU = Release|Any CPU
	EndGlobalSection
	GlobalSection(ProjectConfigurationPlatforms) = postSolution
		{F956E255-3954-F60C-7F44-2ABA8F409BE0}.Debug|Any CPU.ActiveCfg = Debug|Any CPU
		{F956E255-3954-F60C-7F44-2ABA8F409BE0}.Debug|Any CPU.Build.0 = Debug|Any CPU
		{F956E255-3954-F60C-7F44-2ABA8F409BE0}.Release|Any CPU.ActiveCfg = Release|Any CPU
		{F956E255-3954-F60C-7F44-2ABA8F409BE0}.Release|Any CPU.Build.0 = Release|Any CPU
		{63D5288E-D8A2-F713-394E-94B8DD429607}.Debug|Any CPU.ActiveCfg = Debug|Any CPU
		{63D5288E-D8A2-F713-394E-94B8DD429607}.Debug|Any CPU.Build.0 = Debug|Any CPU
		{63D5288E-D8A2-F713-394E-94B8DD429607}.Release|Any CPU.ActiveCfg = Release|Any CPU
		{63D5288E-D8A2-F713-394E-94B8DD429607}.Release|Any CPU.Build.0 = Release|Any CPU
	EndGlobalSection
	GlobalSection(SolutionProperties) = preSolution
		HideSolutionNode = FALSE
	EndGlobalSection
EndGlobal
